// !$*UTF8*$!
{
	archiveVersion = 1;
	classes = {
	};
	objectVersion = 56;
	objects = {

/* Begin PBXBuildFile section */
		832976A12B7DD92B009F4E0A /* NetworkError.swift in Sources */ = {isa = PBXBuildFile; fileRef = 832976A02B7DD92B009F4E0A /* NetworkError.swift */; };
		832976B72B7E60A6009F4E0A /* HTTPMethod.swift in Sources */ = {isa = PBXBuildFile; fileRef = 832976B62B7E60A6009F4E0A /* HTTPMethod.swift */; };
		832976BA2B7E60DD009F4E0A /* Requestable.swift in Sources */ = {isa = PBXBuildFile; fileRef = 832976B92B7E60DD009F4E0A /* Requestable.swift */; };
		832976BC2B7E670C009F4E0A /* ResponseRequestable.swift in Sources */ = {isa = PBXBuildFile; fileRef = 832976BB2B7E670C009F4E0A /* ResponseRequestable.swift */; };
		832976BE2B7E69B6009F4E0A /* EndPoint.swift in Sources */ = {isa = PBXBuildFile; fileRef = 832976BD2B7E69B6009F4E0A /* EndPoint.swift */; };
		832976C02B7E6AE6009F4E0A /* Provider.swift in Sources */ = {isa = PBXBuildFile; fileRef = 832976BF2B7E6AE6009F4E0A /* Provider.swift */; };
		832976C22B7F17DD009F4E0A /* NetworkSessionManager.swift in Sources */ = {isa = PBXBuildFile; fileRef = 832976C12B7F17DD009F4E0A /* NetworkSessionManager.swift */; };
		832976C42B7FB225009F4E0A /* DataTransfer.swift in Sources */ = {isa = PBXBuildFile; fileRef = 832976C32B7FB225009F4E0A /* DataTransfer.swift */; };
		832976C62B809912009F4E0A /* DataTransferError.swift in Sources */ = {isa = PBXBuildFile; fileRef = 832976C52B809912009F4E0A /* DataTransferError.swift */; };
		832976C82B809D0E009F4E0A /* DataTransferDispatchQueue.swift in Sources */ = {isa = PBXBuildFile; fileRef = 832976C72B809D0E009F4E0A /* DataTransferDispatchQueue.swift */; };
		832976CA2B80A8F8009F4E0A /* ResponseDecoder.swift in Sources */ = {isa = PBXBuildFile; fileRef = 832976C92B80A8F8009F4E0A /* ResponseDecoder.swift */; };
		832976CD2B80C75B009F4E0A /* StockDTO.swift in Sources */ = {isa = PBXBuildFile; fileRef = 832976CC2B80C75B009F4E0A /* StockDTO.swift */; };
		8F267DA42B8DB7F500269528 /* DGCharts in Frameworks */ = {isa = PBXBuildFile; productRef = 8F267DA32B8DB7F500269528 /* DGCharts */; };
		8F267DA62B8DB7F500269528 /* DGChartsDynamic in Frameworks */ = {isa = PBXBuildFile; productRef = 8F267DA52B8DB7F500269528 /* DGChartsDynamic */; };
		8F267DA82B8DB80E00269528 /* StockDetailViewController.swift in Sources */ = {isa = PBXBuildFile; fileRef = 8F267DA72B8DB80E00269528 /* StockDetailViewController.swift */; };
		8F267DAC2B9079B200269528 /* StockChartView.swift in Sources */ = {isa = PBXBuildFile; fileRef = 8F267DAB2B9079B200269528 /* StockChartView.swift */; };
		8F267DAE2B9079C000269528 /* StockChartViewModel.swift in Sources */ = {isa = PBXBuildFile; fileRef = 8F267DAD2B9079C000269528 /* StockChartViewModel.swift */; };
		8F267DB32B91A98E00269528 /* ChartDatasetFactory.swift in Sources */ = {isa = PBXBuildFile; fileRef = 8F267DB02B91A98E00269528 /* ChartDatasetFactory.swift */; };
		8F267DB42B91A98E00269528 /* ChartDatasetVM.swift in Sources */ = {isa = PBXBuildFile; fileRef = 8F267DB12B91A98E00269528 /* ChartDatasetVM.swift */; };
		8F267DB52B91A98E00269528 /* DataColor.swift in Sources */ = {isa = PBXBuildFile; fileRef = 8F267DB22B91A98E00269528 /* DataColor.swift */; };
		8FA3D1822B7BA3AC009FB214 /* AppDelegate.swift in Sources */ = {isa = PBXBuildFile; fileRef = 8FA3D1812B7BA3AC009FB214 /* AppDelegate.swift */; };
		8FA3D1842B7BA3AC009FB214 /* SceneDelegate.swift in Sources */ = {isa = PBXBuildFile; fileRef = 8FA3D1832B7BA3AC009FB214 /* SceneDelegate.swift */; };
		8FA3D1862B7BA3AC009FB214 /* ViewController.swift in Sources */ = {isa = PBXBuildFile; fileRef = 8FA3D1852B7BA3AC009FB214 /* ViewController.swift */; };
		8FA3D18B2B7BA3AE009FB214 /* Assets.xcassets in Resources */ = {isa = PBXBuildFile; fileRef = 8FA3D18A2B7BA3AE009FB214 /* Assets.xcassets */; };
		8FA3D18E2B7BA3AE009FB214 /* LaunchScreen.storyboard in Resources */ = {isa = PBXBuildFile; fileRef = 8FA3D18C2B7BA3AE009FB214 /* LaunchScreen.storyboard */; };
/* End PBXBuildFile section */

/* Begin PBXFileReference section */
		832976A02B7DD92B009F4E0A /* NetworkError.swift */ = {isa = PBXFileReference; lastKnownFileType = sourcecode.swift; path = NetworkError.swift; sourceTree = "<group>"; };
		832976B62B7E60A6009F4E0A /* HTTPMethod.swift */ = {isa = PBXFileReference; lastKnownFileType = sourcecode.swift; path = HTTPMethod.swift; sourceTree = "<group>"; };
		832976B92B7E60DD009F4E0A /* Requestable.swift */ = {isa = PBXFileReference; lastKnownFileType = sourcecode.swift; path = Requestable.swift; sourceTree = "<group>"; };
		832976BB2B7E670C009F4E0A /* ResponseRequestable.swift */ = {isa = PBXFileReference; lastKnownFileType = sourcecode.swift; path = ResponseRequestable.swift; sourceTree = "<group>"; };
		832976BD2B7E69B6009F4E0A /* EndPoint.swift */ = {isa = PBXFileReference; lastKnownFileType = sourcecode.swift; path = EndPoint.swift; sourceTree = "<group>"; };
		832976BF2B7E6AE6009F4E0A /* Provider.swift */ = {isa = PBXFileReference; lastKnownFileType = sourcecode.swift; path = Provider.swift; sourceTree = "<group>"; };
		832976C12B7F17DD009F4E0A /* NetworkSessionManager.swift */ = {isa = PBXFileReference; lastKnownFileType = sourcecode.swift; path = NetworkSessionManager.swift; sourceTree = "<group>"; };
		832976C32B7FB225009F4E0A /* DataTransfer.swift */ = {isa = PBXFileReference; lastKnownFileType = sourcecode.swift; path = DataTransfer.swift; sourceTree = "<group>"; };
		832976C52B809912009F4E0A /* DataTransferError.swift */ = {isa = PBXFileReference; lastKnownFileType = sourcecode.swift; path = DataTransferError.swift; sourceTree = "<group>"; };
		832976C72B809D0E009F4E0A /* DataTransferDispatchQueue.swift */ = {isa = PBXFileReference; lastKnownFileType = sourcecode.swift; path = DataTransferDispatchQueue.swift; sourceTree = "<group>"; };
		832976C92B80A8F8009F4E0A /* ResponseDecoder.swift */ = {isa = PBXFileReference; lastKnownFileType = sourcecode.swift; path = ResponseDecoder.swift; sourceTree = "<group>"; };
		832976CC2B80C75B009F4E0A /* StockDTO.swift */ = {isa = PBXFileReference; lastKnownFileType = sourcecode.swift; path = StockDTO.swift; sourceTree = "<group>"; };
		8F267DA72B8DB80E00269528 /* StockDetailViewController.swift */ = {isa = PBXFileReference; lastKnownFileType = sourcecode.swift; path = StockDetailViewController.swift; sourceTree = "<group>"; };
		8F267DAB2B9079B200269528 /* StockChartView.swift */ = {isa = PBXFileReference; lastKnownFileType = sourcecode.swift; path = StockChartView.swift; sourceTree = "<group>"; };
		8F267DAD2B9079C000269528 /* StockChartViewModel.swift */ = {isa = PBXFileReference; lastKnownFileType = sourcecode.swift; path = StockChartViewModel.swift; sourceTree = "<group>"; };
		8F267DB02B91A98E00269528 /* ChartDatasetFactory.swift */ = {isa = PBXFileReference; fileEncoding = 4; lastKnownFileType = sourcecode.swift; path = ChartDatasetFactory.swift; sourceTree = "<group>"; };
		8F267DB12B91A98E00269528 /* ChartDatasetVM.swift */ = {isa = PBXFileReference; fileEncoding = 4; lastKnownFileType = sourcecode.swift; path = ChartDatasetVM.swift; sourceTree = "<group>"; };
		8F267DB22B91A98E00269528 /* DataColor.swift */ = {isa = PBXFileReference; fileEncoding = 4; lastKnownFileType = sourcecode.swift; path = DataColor.swift; sourceTree = "<group>"; };
		8FA3D17E2B7BA3AC009FB214 /* Or-rock-Nari-lock.app */ = {isa = PBXFileReference; explicitFileType = wrapper.application; includeInIndex = 0; path = "Or-rock-Nari-lock.app"; sourceTree = BUILT_PRODUCTS_DIR; };
		8FA3D1812B7BA3AC009FB214 /* AppDelegate.swift */ = {isa = PBXFileReference; lastKnownFileType = sourcecode.swift; path = AppDelegate.swift; sourceTree = "<group>"; };
		8FA3D1832B7BA3AC009FB214 /* SceneDelegate.swift */ = {isa = PBXFileReference; lastKnownFileType = sourcecode.swift; path = SceneDelegate.swift; sourceTree = "<group>"; };
		8FA3D1852B7BA3AC009FB214 /* ViewController.swift */ = {isa = PBXFileReference; lastKnownFileType = sourcecode.swift; path = ViewController.swift; sourceTree = "<group>"; };
		8FA3D18A2B7BA3AE009FB214 /* Assets.xcassets */ = {isa = PBXFileReference; lastKnownFileType = folder.assetcatalog; path = Assets.xcassets; sourceTree = "<group>"; };
		8FA3D18D2B7BA3AE009FB214 /* Base */ = {isa = PBXFileReference; lastKnownFileType = file.storyboard; name = Base; path = Base.lproj/LaunchScreen.storyboard; sourceTree = "<group>"; };
		8FA3D18F2B7BA3AE009FB214 /* Info.plist */ = {isa = PBXFileReference; lastKnownFileType = text.plist.xml; path = Info.plist; sourceTree = "<group>"; };
/* End PBXFileReference section */

/* Begin PBXFrameworksBuildPhase section */
		8FA3D17B2B7BA3AC009FB214 /* Frameworks */ = {
			isa = PBXFrameworksBuildPhase;
			buildActionMask = 2147483647;
			files = (
				8F267DA62B8DB7F500269528 /* DGChartsDynamic in Frameworks */,
				8F267DA42B8DB7F500269528 /* DGCharts in Frameworks */,
			);
			runOnlyForDeploymentPostprocessing = 0;
		};
/* End PBXFrameworksBuildPhase section */

/* Begin PBXGroup section */
		8329769F2B7DD8F6009F4E0A /* NetworkService */ = {
			isa = PBXGroup;
			children = (
				832976CB2B80C74E009F4E0A /* DTOs */,
				832976B82B7E60C3009F4E0A /* Protocol */,
				832976A02B7DD92B009F4E0A /* NetworkError.swift */,
				832976B62B7E60A6009F4E0A /* HTTPMethod.swift */,
				832976BD2B7E69B6009F4E0A /* EndPoint.swift */,
				832976BF2B7E6AE6009F4E0A /* Provider.swift */,
				832976C12B7F17DD009F4E0A /* NetworkSessionManager.swift */,
				832976C32B7FB225009F4E0A /* DataTransfer.swift */,
				832976C52B809912009F4E0A /* DataTransferError.swift */,
			);
			path = NetworkService;
			sourceTree = "<group>";
		};
		832976B82B7E60C3009F4E0A /* Protocol */ = {
			isa = PBXGroup;
			children = (
				832976B92B7E60DD009F4E0A /* Requestable.swift */,
				832976BB2B7E670C009F4E0A /* ResponseRequestable.swift */,
				832976C72B809D0E009F4E0A /* DataTransferDispatchQueue.swift */,
				832976C92B80A8F8009F4E0A /* ResponseDecoder.swift */,
			);
			path = Protocol;
			sourceTree = "<group>";
		};
		832976CB2B80C74E009F4E0A /* DTOs */ = {
			isa = PBXGroup;
			children = (
				832976CC2B80C75B009F4E0A /* StockDTO.swift */,
			);
			path = DTOs;
			sourceTree = "<group>";
		};
		8F267DAF2B91A98E00269528 /* Dataset */ = {
			isa = PBXGroup;
			children = (
				8F267DB02B91A98E00269528 /* ChartDatasetFactory.swift */,
				8F267DB12B91A98E00269528 /* ChartDatasetVM.swift */,
				8F267DB22B91A98E00269528 /* DataColor.swift */,
			);
			path = Dataset;
			sourceTree = "<group>";
		};
		8F267DB62B95861300269528 /* ChartDetail */ = {
			isa = PBXGroup;
			children = (
				8F267DB72B95862200269528 /* ChartGraph */,
				8F267DA72B8DB80E00269528 /* StockDetailViewController.swift */,
			);
			path = ChartDetail;
			sourceTree = "<group>";
		};
		8F267DB72B95862200269528 /* ChartGraph */ = {
			isa = PBXGroup;
			children = (
				8F267DAF2B91A98E00269528 /* Dataset */,
				8F267DAB2B9079B200269528 /* StockChartView.swift */,
				8F267DAD2B9079C000269528 /* StockChartViewModel.swift */,
			);
			path = ChartGraph;
			sourceTree = "<group>";
		};
		8FA3D1752B7BA3AC009FB214 = {
			isa = PBXGroup;
			children = (
				8FA3D1802B7BA3AC009FB214 /* Or-rock-Nari-lock */,
				8FA3D17F2B7BA3AC009FB214 /* Products */,
			);
			sourceTree = "<group>";
		};
		8FA3D17F2B7BA3AC009FB214 /* Products */ = {
			isa = PBXGroup;
			children = (
				8FA3D17E2B7BA3AC009FB214 /* Or-rock-Nari-lock.app */,
			);
			name = Products;
			sourceTree = "<group>";
		};
		8FA3D1802B7BA3AC009FB214 /* Or-rock-Nari-lock */ = {
			isa = PBXGroup;
			children = (
				8F267DB62B95861300269528 /* ChartDetail */,
				8329769F2B7DD8F6009F4E0A /* NetworkService */,
				8FA3D1812B7BA3AC009FB214 /* AppDelegate.swift */,
				8FA3D1832B7BA3AC009FB214 /* SceneDelegate.swift */,
				8FA3D1852B7BA3AC009FB214 /* ViewController.swift */,
				8FA3D18A2B7BA3AE009FB214 /* Assets.xcassets */,
				8FA3D18C2B7BA3AE009FB214 /* LaunchScreen.storyboard */,
				8FA3D18F2B7BA3AE009FB214 /* Info.plist */,
			);
			path = "Or-rock-Nari-lock";
			sourceTree = "<group>";
		};
/* End PBXGroup section */

/* Begin PBXNativeTarget section */
		8FA3D17D2B7BA3AC009FB214 /* Or-rock-Nari-lock */ = {
			isa = PBXNativeTarget;
			buildConfigurationList = 8FA3D1922B7BA3AE009FB214 /* Build configuration list for PBXNativeTarget "Or-rock-Nari-lock" */;
			buildPhases = (
				8FA3D17A2B7BA3AC009FB214 /* Sources */,
				8FA3D17B2B7BA3AC009FB214 /* Frameworks */,
				8FA3D17C2B7BA3AC009FB214 /* Resources */,
			);
			buildRules = (
			);
			dependencies = (
			);
			name = "Or-rock-Nari-lock";
			packageProductDependencies = (
				8F267DA32B8DB7F500269528 /* DGCharts */,
				8F267DA52B8DB7F500269528 /* DGChartsDynamic */,
			);
			productName = "Or-rock-Nari-lock";
			productReference = 8FA3D17E2B7BA3AC009FB214 /* Or-rock-Nari-lock.app */;
			productType = "com.apple.product-type.application";
		};
/* End PBXNativeTarget section */

/* Begin PBXProject section */
		8FA3D1762B7BA3AC009FB214 /* Project object */ = {
			isa = PBXProject;
			attributes = {
				BuildIndependentTargetsInParallel = 1;
				LastSwiftUpdateCheck = 1520;
				LastUpgradeCheck = 1520;
				TargetAttributes = {
					8FA3D17D2B7BA3AC009FB214 = {
						CreatedOnToolsVersion = 15.2;
					};
				};
			};
			buildConfigurationList = 8FA3D1792B7BA3AC009FB214 /* Build configuration list for PBXProject "Or-rock-Nari-lock" */;
			compatibilityVersion = "Xcode 14.0";
			developmentRegion = en;
			hasScannedForEncodings = 0;
			knownRegions = (
				en,
				Base,
			);
			mainGroup = 8FA3D1752B7BA3AC009FB214;
			packageReferences = (
				8F267DA22B8DB7F500269528 /* XCRemoteSwiftPackageReference "Charts" */,
			);
			productRefGroup = 8FA3D17F2B7BA3AC009FB214 /* Products */;
			projectDirPath = "";
			projectRoot = "";
			targets = (
				8FA3D17D2B7BA3AC009FB214 /* Or-rock-Nari-lock */,
			);
		};
/* End PBXProject section */

/* Begin PBXResourcesBuildPhase section */
		8FA3D17C2B7BA3AC009FB214 /* Resources */ = {
			isa = PBXResourcesBuildPhase;
			buildActionMask = 2147483647;
			files = (
				8FA3D18E2B7BA3AE009FB214 /* LaunchScreen.storyboard in Resources */,
				8FA3D18B2B7BA3AE009FB214 /* Assets.xcassets in Resources */,
			);
			runOnlyForDeploymentPostprocessing = 0;
		};
/* End PBXResourcesBuildPhase section */

/* Begin PBXSourcesBuildPhase section */
		8FA3D17A2B7BA3AC009FB214 /* Sources */ = {
			isa = PBXSourcesBuildPhase;
			buildActionMask = 2147483647;
			files = (
				832976BC2B7E670C009F4E0A /* ResponseRequestable.swift in Sources */,
				8FA3D1862B7BA3AC009FB214 /* ViewController.swift in Sources */,
				832976C42B7FB225009F4E0A /* DataTransfer.swift in Sources */,
				832976BE2B7E69B6009F4E0A /* EndPoint.swift in Sources */,
				832976A12B7DD92B009F4E0A /* NetworkError.swift in Sources */,
				8F267DB32B91A98E00269528 /* ChartDatasetFactory.swift in Sources */,
				832976C02B7E6AE6009F4E0A /* Provider.swift in Sources */,
				8F267DAC2B9079B200269528 /* StockChartView.swift in Sources */,
				8FA3D1822B7BA3AC009FB214 /* AppDelegate.swift in Sources */,
				832976CA2B80A8F8009F4E0A /* ResponseDecoder.swift in Sources */,
				8F267DB42B91A98E00269528 /* ChartDatasetVM.swift in Sources */,
				832976C62B809912009F4E0A /* DataTransferError.swift in Sources */,
				8F267DAE2B9079C000269528 /* StockChartViewModel.swift in Sources */,
				8F267DB52B91A98E00269528 /* DataColor.swift in Sources */,
				832976CD2B80C75B009F4E0A /* StockDTO.swift in Sources */,
				832976BA2B7E60DD009F4E0A /* Requestable.swift in Sources */,
				832976C22B7F17DD009F4E0A /* NetworkSessionManager.swift in Sources */,
				832976B72B7E60A6009F4E0A /* HTTPMethod.swift in Sources */,
				832976C82B809D0E009F4E0A /* DataTransferDispatchQueue.swift in Sources */,
				8F267DA82B8DB80E00269528 /* StockDetailViewController.swift in Sources */,
				8FA3D1842B7BA3AC009FB214 /* SceneDelegate.swift in Sources */,
			);
			runOnlyForDeploymentPostprocessing = 0;
		};
/* End PBXSourcesBuildPhase section */

/* Begin PBXVariantGroup section */
		8FA3D18C2B7BA3AE009FB214 /* LaunchScreen.storyboard */ = {
			isa = PBXVariantGroup;
			children = (
				8FA3D18D2B7BA3AE009FB214 /* Base */,
			);
			name = LaunchScreen.storyboard;
			sourceTree = "<group>";
		};
/* End PBXVariantGroup section */

/* Begin XCBuildConfiguration section */
		8FA3D1902B7BA3AE009FB214 /* Debug */ = {
			isa = XCBuildConfiguration;
			buildSettings = {
				ALWAYS_SEARCH_USER_PATHS = NO;
				ASSETCATALOG_COMPILER_GENERATE_SWIFT_ASSET_SYMBOL_EXTENSIONS = YES;
				CLANG_ANALYZER_NONNULL = YES;
				CLANG_ANALYZER_NUMBER_OBJECT_CONVERSION = YES_AGGRESSIVE;
				CLANG_CXX_LANGUAGE_STANDARD = "gnu++20";
				CLANG_ENABLE_MODULES = YES;
				CLANG_ENABLE_OBJC_ARC = YES;
				CLANG_ENABLE_OBJC_WEAK = YES;
				CLANG_WARN_BLOCK_CAPTURE_AUTORELEASING = YES;
				CLANG_WARN_BOOL_CONVERSION = YES;
				CLANG_WARN_COMMA = YES;
				CLANG_WARN_CONSTANT_CONVERSION = YES;
				CLANG_WARN_DEPRECATED_OBJC_IMPLEMENTATIONS = YES;
				CLANG_WARN_DIRECT_OBJC_ISA_USAGE = YES_ERROR;
				CLANG_WARN_DOCUMENTATION_COMMENTS = YES;
				CLANG_WARN_EMPTY_BODY = YES;
				CLANG_WARN_ENUM_CONVERSION = YES;
				CLANG_WARN_INFINITE_RECURSION = YES;
				CLANG_WARN_INT_CONVERSION = YES;
				CLANG_WARN_NON_LITERAL_NULL_CONVERSION = YES;
				CLANG_WARN_OBJC_IMPLICIT_RETAIN_SELF = YES;
				CLANG_WARN_OBJC_LITERAL_CONVERSION = YES;
				CLANG_WARN_OBJC_ROOT_CLASS = YES_ERROR;
				CLANG_WARN_QUOTED_INCLUDE_IN_FRAMEWORK_HEADER = YES;
				CLANG_WARN_RANGE_LOOP_ANALYSIS = YES;
				CLANG_WARN_STRICT_PROTOTYPES = YES;
				CLANG_WARN_SUSPICIOUS_MOVE = YES;
				CLANG_WARN_UNGUARDED_AVAILABILITY = YES_AGGRESSIVE;
				CLANG_WARN_UNREACHABLE_CODE = YES;
				CLANG_WARN__DUPLICATE_METHOD_MATCH = YES;
				COPY_PHASE_STRIP = NO;
				DEBUG_INFORMATION_FORMAT = dwarf;
				ENABLE_STRICT_OBJC_MSGSEND = YES;
				ENABLE_TESTABILITY = YES;
				ENABLE_USER_SCRIPT_SANDBOXING = YES;
				GCC_C_LANGUAGE_STANDARD = gnu17;
				GCC_DYNAMIC_NO_PIC = NO;
				GCC_NO_COMMON_BLOCKS = YES;
				GCC_OPTIMIZATION_LEVEL = 0;
				GCC_PREPROCESSOR_DEFINITIONS = (
					"DEBUG=1",
					"$(inherited)",
				);
				GCC_WARN_64_TO_32_BIT_CONVERSION = YES;
				GCC_WARN_ABOUT_RETURN_TYPE = YES_ERROR;
				GCC_WARN_UNDECLARED_SELECTOR = YES;
				GCC_WARN_UNINITIALIZED_AUTOS = YES_AGGRESSIVE;
				GCC_WARN_UNUSED_FUNCTION = YES;
				GCC_WARN_UNUSED_VARIABLE = YES;
				IPHONEOS_DEPLOYMENT_TARGET = 17.2;
				LOCALIZATION_PREFERS_STRING_CATALOGS = YES;
				MTL_ENABLE_DEBUG_INFO = INCLUDE_SOURCE;
				MTL_FAST_MATH = YES;
				ONLY_ACTIVE_ARCH = YES;
				SDKROOT = iphoneos;
				SWIFT_ACTIVE_COMPILATION_CONDITIONS = "DEBUG $(inherited)";
				SWIFT_OPTIMIZATION_LEVEL = "-Onone";
			};
			name = Debug;
		};
		8FA3D1912B7BA3AE009FB214 /* Release */ = {
			isa = XCBuildConfiguration;
			buildSettings = {
				ALWAYS_SEARCH_USER_PATHS = NO;
				ASSETCATALOG_COMPILER_GENERATE_SWIFT_ASSET_SYMBOL_EXTENSIONS = YES;
				CLANG_ANALYZER_NONNULL = YES;
				CLANG_ANALYZER_NUMBER_OBJECT_CONVERSION = YES_AGGRESSIVE;
				CLANG_CXX_LANGUAGE_STANDARD = "gnu++20";
				CLANG_ENABLE_MODULES = YES;
				CLANG_ENABLE_OBJC_ARC = YES;
				CLANG_ENABLE_OBJC_WEAK = YES;
				CLANG_WARN_BLOCK_CAPTURE_AUTORELEASING = YES;
				CLANG_WARN_BOOL_CONVERSION = YES;
				CLANG_WARN_COMMA = YES;
				CLANG_WARN_CONSTANT_CONVERSION = YES;
				CLANG_WARN_DEPRECATED_OBJC_IMPLEMENTATIONS = YES;
				CLANG_WARN_DIRECT_OBJC_ISA_USAGE = YES_ERROR;
				CLANG_WARN_DOCUMENTATION_COMMENTS = YES;
				CLANG_WARN_EMPTY_BODY = YES;
				CLANG_WARN_ENUM_CONVERSION = YES;
				CLANG_WARN_INFINITE_RECURSION = YES;
				CLANG_WARN_INT_CONVERSION = YES;
				CLANG_WARN_NON_LITERAL_NULL_CONVERSION = YES;
				CLANG_WARN_OBJC_IMPLICIT_RETAIN_SELF = YES;
				CLANG_WARN_OBJC_LITERAL_CONVERSION = YES;
				CLANG_WARN_OBJC_ROOT_CLASS = YES_ERROR;
				CLANG_WARN_QUOTED_INCLUDE_IN_FRAMEWORK_HEADER = YES;
				CLANG_WARN_RANGE_LOOP_ANALYSIS = YES;
				CLANG_WARN_STRICT_PROTOTYPES = YES;
				CLANG_WARN_SUSPICIOUS_MOVE = YES;
				CLANG_WARN_UNGUARDED_AVAILABILITY = YES_AGGRESSIVE;
				CLANG_WARN_UNREACHABLE_CODE = YES;
				CLANG_WARN__DUPLICATE_METHOD_MATCH = YES;
				COPY_PHASE_STRIP = NO;
				DEBUG_INFORMATION_FORMAT = "dwarf-with-dsym";
				ENABLE_NS_ASSERTIONS = NO;
				ENABLE_STRICT_OBJC_MSGSEND = YES;
				ENABLE_USER_SCRIPT_SANDBOXING = YES;
				GCC_C_LANGUAGE_STANDARD = gnu17;
				GCC_NO_COMMON_BLOCKS = YES;
				GCC_WARN_64_TO_32_BIT_CONVERSION = YES;
				GCC_WARN_ABOUT_RETURN_TYPE = YES_ERROR;
				GCC_WARN_UNDECLARED_SELECTOR = YES;
				GCC_WARN_UNINITIALIZED_AUTOS = YES_AGGRESSIVE;
				GCC_WARN_UNUSED_FUNCTION = YES;
				GCC_WARN_UNUSED_VARIABLE = YES;
				IPHONEOS_DEPLOYMENT_TARGET = 17.2;
				LOCALIZATION_PREFERS_STRING_CATALOGS = YES;
				MTL_ENABLE_DEBUG_INFO = NO;
				MTL_FAST_MATH = YES;
				SDKROOT = iphoneos;
				SWIFT_COMPILATION_MODE = wholemodule;
				VALIDATE_PRODUCT = YES;
			};
			name = Release;
		};
		8FA3D1932B7BA3AE009FB214 /* Debug */ = {
			isa = XCBuildConfiguration;
			buildSettings = {
				ASSETCATALOG_COMPILER_APPICON_NAME = AppIcon;
				ASSETCATALOG_COMPILER_GLOBAL_ACCENT_COLOR_NAME = AccentColor;
				"CODE_SIGN_IDENTITY[sdk=iphoneos*]" = "iPhone Developer";
				CODE_SIGN_STYLE = Manual;
				CURRENT_PROJECT_VERSION = 1;
				DEVELOPMENT_TEAM = "";
				"DEVELOPMENT_TEAM[sdk=iphoneos*]" = N7AA7Y5KM6;
				GENERATE_INFOPLIST_FILE = YES;
				INFOPLIST_FILE = "Or-rock-Nari-lock/Info.plist";
				INFOPLIST_KEY_UIApplicationSupportsIndirectInputEvents = YES;
				INFOPLIST_KEY_UILaunchStoryboardName = LaunchScreen;
				INFOPLIST_KEY_UISupportedInterfaceOrientations_iPad = "UIInterfaceOrientationPortrait UIInterfaceOrientationPortraitUpsideDown UIInterfaceOrientationLandscapeLeft UIInterfaceOrientationLandscapeRight";
				INFOPLIST_KEY_UISupportedInterfaceOrientations_iPhone = "UIInterfaceOrientationPortrait UIInterfaceOrientationLandscapeLeft UIInterfaceOrientationLandscapeRight";
				IPHONEOS_DEPLOYMENT_TARGET = 17.0;
				LD_RUNPATH_SEARCH_PATHS = (
					"$(inherited)",
					"@executable_path/Frameworks",
				);
				MARKETING_VERSION = 1.0;
				PRODUCT_BUNDLE_IDENTIFIER = AppinApple.OrrockNarilock;
				PRODUCT_NAME = "$(TARGET_NAME)";
				PROVISIONING_PROFILE_SPECIFIER = "";
				"PROVISIONING_PROFILE_SPECIFIER[sdk=iphoneos*]" = OrrockNarilock;
				SWIFT_EMIT_LOC_STRINGS = YES;
				SWIFT_VERSION = 5.0;
				TARGETED_DEVICE_FAMILY = "1,2";
			};
			name = Debug;
		};
		8FA3D1942B7BA3AE009FB214 /* Release */ = {
			isa = XCBuildConfiguration;
			buildSettings = {
				ASSETCATALOG_COMPILER_APPICON_NAME = AppIcon;
				ASSETCATALOG_COMPILER_GLOBAL_ACCENT_COLOR_NAME = AccentColor;
				"CODE_SIGN_IDENTITY[sdk=iphoneos*]" = "iPhone Developer";
				CODE_SIGN_STYLE = Manual;
				CURRENT_PROJECT_VERSION = 1;
				DEVELOPMENT_TEAM = "";
				"DEVELOPMENT_TEAM[sdk=iphoneos*]" = N7AA7Y5KM6;
				GENERATE_INFOPLIST_FILE = YES;
				INFOPLIST_FILE = "Or-rock-Nari-lock/Info.plist";
				INFOPLIST_KEY_UIApplicationSupportsIndirectInputEvents = YES;
				INFOPLIST_KEY_UILaunchStoryboardName = LaunchScreen;
				INFOPLIST_KEY_UISupportedInterfaceOrientations_iPad = "UIInterfaceOrientationPortrait UIInterfaceOrientationPortraitUpsideDown UIInterfaceOrientationLandscapeLeft UIInterfaceOrientationLandscapeRight";
				INFOPLIST_KEY_UISupportedInterfaceOrientations_iPhone = "UIInterfaceOrientationPortrait UIInterfaceOrientationLandscapeLeft UIInterfaceOrientationLandscapeRight";
				IPHONEOS_DEPLOYMENT_TARGET = 17.0;
				LD_RUNPATH_SEARCH_PATHS = (
					"$(inherited)",
					"@executable_path/Frameworks",
				);
				MARKETING_VERSION = 1.0;
				PRODUCT_BUNDLE_IDENTIFIER = AppinApple.OrrockNarilock;
				PRODUCT_NAME = "$(TARGET_NAME)";
				PROVISIONING_PROFILE_SPECIFIER = "";
				"PROVISIONING_PROFILE_SPECIFIER[sdk=iphoneos*]" = OrrockNarilock;
				SWIFT_EMIT_LOC_STRINGS = YES;
				SWIFT_VERSION = 5.0;
				TARGETED_DEVICE_FAMILY = "1,2";
			};
			name = Release;
		};
/* End XCBuildConfiguration section */

/* Begin XCConfigurationList section */
		8FA3D1792B7BA3AC009FB214 /* Build configuration list for PBXProject "Or-rock-Nari-lock" */ = {
			isa = XCConfigurationList;
			buildConfigurations = (
				8FA3D1902B7BA3AE009FB214 /* Debug */,
				8FA3D1912B7BA3AE009FB214 /* Release */,
			);
			defaultConfigurationIsVisible = 0;
			defaultConfigurationName = Release;
		};
		8FA3D1922B7BA3AE009FB214 /* Build configuration list for PBXNativeTarget "Or-rock-Nari-lock" */ = {
			isa = XCConfigurationList;
			buildConfigurations = (
				8FA3D1932B7BA3AE009FB214 /* Debug */,
				8FA3D1942B7BA3AE009FB214 /* Release */,
			);
			defaultConfigurationIsVisible = 0;
			defaultConfigurationName = Release;
		};
/* End XCConfigurationList section */

/* Begin XCRemoteSwiftPackageReference section */
		8F267DA22B8DB7F500269528 /* XCRemoteSwiftPackageReference "Charts" */ = {
			isa = XCRemoteSwiftPackageReference;
			repositoryURL = "https://github.com/danielgindi/Charts.git";
			requirement = {
				kind = upToNextMajorVersion;
				minimumVersion = 5.1.0;
			};
		};
/* End XCRemoteSwiftPackageReference section */

/* Begin XCSwiftPackageProductDependency section */
		8F267DA32B8DB7F500269528 /* DGCharts */ = {
			isa = XCSwiftPackageProductDependency;
			package = 8F267DA22B8DB7F500269528 /* XCRemoteSwiftPackageReference "Charts" */;
			productName = DGCharts;
		};
		8F267DA52B8DB7F500269528 /* DGChartsDynamic */ = {
			isa = XCSwiftPackageProductDependency;
			package = 8F267DA22B8DB7F500269528 /* XCRemoteSwiftPackageReference "Charts" */;
			productName = DGChartsDynamic;
		};
/* End XCSwiftPackageProductDependency section */
	};
	rootObject = 8FA3D1762B7BA3AC009FB214 /* Project object */;
}
